
Microsoft Visual Studio Solution File, Format Version 12.00
# Visual Studio Version 16
VisualStudioVersion = 16.0.31702.278
MinimumVisualStudioVersion = 10.0.40219.1
Project("{FAE04EC0-301F-11D3-BF4B-00C04F79EFBC}") = "WebAPITokenAuthentication", "WebAPITokenAuthentication\WebAPITokenAuthentication.csproj", "{FFDBD19C-ED38-4B09-9A17-A24EECE3CBDD}"
EndProject
Global
	GlobalSection(SolutionConfigurationPlatforms) = preSolution
		Debug|Any CPU = Debug|Any CPU
		Release|Any CPU = Release|Any CPU
	EndGlobalSection
	GlobalSection(ProjectConfigurationPlatforms) = postSolution
		{FFDBD19C-ED38-4B09-9A17-A24EECE3CBDD}.Debug|Any CPU.ActiveCfg = Debug|Any CPU
		{FFDBD19C-ED38-4B09-9A17-A24EECE3CBDD}.Debug|Any CPU.Build.0 = Debug|Any CPU
		{FFDBD19C-ED38-4B09-9A17-A24EECE3CBDD}.Release|Any CPU.ActiveCfg = Release|Any CPU
		{FFDBD19C-ED38-4B09-9A17-A24EECE3CBDD}.Release|Any CPU.Build.0 = Release|Any CPU
	EndGlobalSection
	GlobalSection(SolutionProperties) = preSolution
		HideSolutionNode = FALSE
	EndGlobalSection
	GlobalSection(ExtensibilityGlobals) = postSolution
		SolutionGuid = {B49F4D39-B41E-4D49-A303-140904EA2C9A}
	EndGlobalSection
EndGlobal
